
Microsoft Visual Studio Solution File, Format Version 12.00
# Visual Studio Version 17
VisualStudioVersion = 17.14.36408.4
MinimumVisualStudioVersion = 10.0.40219.1
Project("{FAE04EC0-301F-11D3-BF4B-00C04F79EFBC}") = "Domain", "Domain\Domain.csproj", "{181F1120-F3A0-46EF-A6D4-DAAABF4A27EC}"
EndProject
Project("{FAE04EC0-301F-11D3-BF4B-00C04F79EFBC}") = "UI", "UI\UI.csproj", "{C05BEF78-702F-42C3-B1AD-EF9AF488A8A6}"
EndProject
Project("{FAE04EC0-301F-11D3-BF4B-00C04F79EFBC}") = "Data.Interfaces", "Data.Interfaces\Data.Interfaces.csproj", "{CEA5BEA7-DB6F-40F5-81CB-9FF60BA0395D}"
EndProject
Project("{FAE04EC0-301F-11D3-BF4B-00C04F79EFBC}") = "Data.InMemory", "Data.InMemory\Data.InMemory.csproj", "{5EBED1B4-DECA-40F8-8D7E-31C8DD468A4A}"
EndProject
Project("{FAE04EC0-301F-11D3-BF4B-00C04F79EFBC}") = "Domain.Statistics", "Domain.Statistics\Domain.Statistics.csproj", "{C7DF61EB-2C47-493B-A1EC-0B7985D31EC5}"
EndProject
Global
	GlobalSection(SolutionConfigurationPlatforms) = preSolution
		Debug|Any CPU = Debug|Any CPU
		Release|Any CPU = Release|Any CPU
	EndGlobalSection
	GlobalSection(ProjectConfigurationPlatforms) = postSolution
		{181F1120-F3A0-46EF-A6D4-DAAABF4A27EC}.Debug|Any CPU.ActiveCfg = Debug|Any CPU
		{181F1120-F3A0-46EF-A6D4-DAAABF4A27EC}.Debug|Any CPU.Build.0 = Debug|Any CPU
		{181F1120-F3A0-46EF-A6D4-DAAABF4A27EC}.Release|Any CPU.ActiveCfg = Release|Any CPU
		{181F1120-F3A0-46EF-A6D4-DAAABF4A27EC}.Release|Any CPU.Build.0 = Release|Any CPU
		{C05BEF78-702F-42C3-B1AD-EF9AF488A8A6}.Debug|Any CPU.ActiveCfg = Debug|Any CPU
		{C05BEF78-702F-42C3-B1AD-EF9AF488A8A6}.Debug|Any CPU.Build.0 = Debug|Any CPU
		{C05BEF78-702F-42C3-B1AD-EF9AF488A8A6}.Release|Any CPU.ActiveCfg = Release|Any CPU
		{C05BEF78-702F-42C3-B1AD-EF9AF488A8A6}.Release|Any CPU.Build.0 = Release|Any CPU
		{CEA5BEA7-DB6F-40F5-81CB-9FF60BA0395D}.Debug|Any CPU.ActiveCfg = Debug|Any CPU
		{CEA5BEA7-DB6F-40F5-81CB-9FF60BA0395D}.Debug|Any CPU.Build.0 = Debug|Any CPU
		{CEA5BEA7-DB6F-40F5-81CB-9FF60BA0395D}.Release|Any CPU.ActiveCfg = Release|Any CPU
		{CEA5BEA7-DB6F-40F5-81CB-9FF60BA0395D}.Release|Any CPU.Build.0 = Release|Any CPU
		{5EBED1B4-DECA-40F8-8D7E-31C8DD468A4A}.Debug|Any CPU.ActiveCfg = Debug|Any CPU
		{5EBED1B4-DECA-40F8-8D7E-31C8DD468A4A}.Debug|Any CPU.Build.0 = Debug|Any CPU
		{5EBED1B4-DECA-40F8-8D7E-31C8DD468A4A}.Release|Any CPU.ActiveCfg = Release|Any CPU
		{5EBED1B4-DECA-40F8-8D7E-31C8DD468A4A}.Release|Any CPU.Build.0 = Release|Any CPU
		{C7DF61EB-2C47-493B-A1EC-0B7985D31EC5}.Debug|Any CPU.ActiveCfg = Debug|Any CPU
		{C7DF61EB-2C47-493B-A1EC-0B7985D31EC5}.Debug|Any CPU.Build.0 = Debug|Any CPU
		{C7DF61EB-2C47-493B-A1EC-0B7985D31EC5}.Release|Any CPU.ActiveCfg = Release|Any CPU
		{C7DF61EB-2C47-493B-A1EC-0B7985D31EC5}.Release|Any CPU.Build.0 = Release|Any CPU
	EndGlobalSection
	GlobalSection(SolutionProperties) = preSolution
		HideSolutionNode = FALSE
	EndGlobalSection
	GlobalSection(ExtensibilityGlobals) = postSolution
		SolutionGuid = {A45D138B-F4B4-4C35-B302-65EF3D467599}
	EndGlobalSection
EndGlobal
